PODS:
  - Alamofire (4.4.0)
  - collection-view-layouts/Core (0.1.2)
  - collection-view-layouts/FacebookLayout (0.1.2):
    - collection-view-layouts/Core
  - collection-view-layouts/FlickrLayout (0.1.2):
    - collection-view-layouts/Core
  - collection-view-layouts/FlipboardLayout (0.1.2):
    - collection-view-layouts/Core
  - collection-view-layouts/InstagramLayout (0.1.2):
    - collection-view-layouts/Core
  - collection-view-layouts/PinterestLayout (0.1.2):
    - collection-view-layouts/Core
  - collection-view-layouts/Px500Layout (0.1.2):
    - collection-view-layouts/Core
  - collection-view-layouts/TagsLayout (0.1.2):
    - collection-view-layouts/Core
  - SDWebImage (4.4.5):
    - SDWebImage/Core (= 4.4.5)
  - SDWebImage/Core (4.4.5)

DEPENDENCIES:
  - Alamofire (= 4.4.0)
  - collection-view-layouts/Core
  - collection-view-layouts/FacebookLayout
  - collection-view-layouts/FlickrLayout
  - collection-view-layouts/FlipboardLayout
  - collection-view-layouts/InstagramLayout
  - collection-view-layouts/PinterestLayout
  - collection-view-layouts/Px500Layout
  - collection-view-layouts/TagsLayout
  - SDWebImage (~> 4.0)

SPEC REPOS:
  https://github.com/cocoapods/specs.git:
    - Alamofire
    - collection-view-layouts
    - SDWebImage

SPEC CHECKSUMS:
  Alamofire: dc44b1600b800eb63da6a19039a0083d62a6a62d
  collection-view-layouts: f3da16bf3211ecb885bb3e45160c2267edf5b65e
  SDWebImage: ecc03494e973b93b80213649d32175f8d2d17d4d

PODFILE CHECKSUM: 636a74c6afd908ae3a16f6e514af627df5b5ba3d

COCOAPODS: 1.6.1
