// !$*UTF8*$!
{
	archiveVersion = 1;
	classes = {
	};
	objectVersion = 50;
	objects = {

/* Begin PBXBuildFile section */
		12873D3401F2AD20A33AEC41 /* Pods_Flickr.framework in Frameworks */ = {isa = PBXBuildFile; fileRef = 4698E2FD48FED92D193F0B34 /* Pods_Flickr.framework */; };
		A52405502224F0CA00961D68 /* ImageCollectionViewCell.swift in Sources */ = {isa = PBXBuildFile; fileRef = A524054F2224F0CA00961D68 /* ImageCollectionViewCell.swift */; };
		A524055222253EF900961D68 /* FlickrStyleFlowLayout.swift in Sources */ = {isa = PBXBuildFile; fileRef = A524055122253EF900961D68 /* FlickrStyleFlowLayout.swift */; };
		A52405542225423F00961D68 /* Core.swift in Sources */ = {isa = PBXBuildFile; fileRef = A52405532225423E00961D68 /* Core.swift */; };
		A525D09D221FDB6F00EE7880 /* AppDelegate.swift in Sources */ = {isa = PBXBuildFile; fileRef = A525D09C221FDB6F00EE7880 /* AppDelegate.swift */; };
		A525D09F221FDB6F00EE7880 /* ViewController.swift in Sources */ = {isa = PBXBuildFile; fileRef = A525D09E221FDB6F00EE7880 /* ViewController.swift */; };
		A525D0A2221FDB6F00EE7880 /* Main.storyboard in Resources */ = {isa = PBXBuildFile; fileRef = A525D0A0221FDB6F00EE7880 /* Main.storyboard */; };
		A525D0A4221FDB7200EE7880 /* Assets.xcassets in Resources */ = {isa = PBXBuildFile; fileRef = A525D0A3221FDB7200EE7880 /* Assets.xcassets */; };
		A525D0A7221FDB7200EE7880 /* LaunchScreen.storyboard in Resources */ = {isa = PBXBuildFile; fileRef = A525D0A5221FDB7200EE7880 /* LaunchScreen.storyboard */; };
		A54267032223C9BF0062E01A /* ImageTableViewController.swift in Sources */ = {isa = PBXBuildFile; fileRef = A54267022223C9BF0062E01A /* ImageTableViewController.swift */; };
		A54267052223CA450062E01A /* ImageTableViewCell.swift in Sources */ = {isa = PBXBuildFile; fileRef = A54267042223CA450062E01A /* ImageTableViewCell.swift */; };
		A570D6982223DB9E009E3142 /* ModelFlickr.swift in Sources */ = {isa = PBXBuildFile; fileRef = A570D6972223DB9E009E3142 /* ModelFlickr.swift */; };
		A570D69A22241644009E3142 /* ImageViewController.swift in Sources */ = {isa = PBXBuildFile; fileRef = A570D69922241644009E3142 /* ImageViewController.swift */; };
/* End PBXBuildFile section */

/* Begin PBXFileReference section */
		4698E2FD48FED92D193F0B34 /* Pods_Flickr.framework */ = {isa = PBXFileReference; explicitFileType = wrapper.framework; includeInIndex = 0; path = Pods_Flickr.framework; sourceTree = BUILT_PRODUCTS_DIR; };
		9A75E615920D9955F4A833A5 /* Pods-Flickr.debug.xcconfig */ = {isa = PBXFileReference; includeInIndex = 1; lastKnownFileType = text.xcconfig; name = "Pods-Flickr.debug.xcconfig"; path = "Target Support Files/Pods-Flickr/Pods-Flickr.debug.xcconfig"; sourceTree = "<group>"; };
		A524054F2224F0CA00961D68 /* ImageCollectionViewCell.swift */ = {isa = PBXFileReference; lastKnownFileType = sourcecode.swift; path = ImageCollectionViewCell.swift; sourceTree = "<group>"; };
		A524055122253EF900961D68 /* FlickrStyleFlowLayout.swift */ = {isa = PBXFileReference; lastKnownFileType = sourcecode.swift; path = FlickrStyleFlowLayout.swift; sourceTree = "<group>"; };
		A52405532225423E00961D68 /* Core.swift */ = {isa = PBXFileReference; lastKnownFileType = sourcecode.swift; path = Core.swift; sourceTree = "<group>"; };
		A525D099221FDB6F00EE7880 /* Flickr.app */ = {isa = PBXFileReference; explicitFileType = wrapper.application; includeInIndex = 0; path = Flickr.app; sourceTree = BUILT_PRODUCTS_DIR; };
		A525D09C221FDB6F00EE7880 /* AppDelegate.swift */ = {isa = PBXFileReference; lastKnownFileType = sourcecode.swift; path = AppDelegate.swift; sourceTree = "<group>"; };
		A525D09E221FDB6F00EE7880 /* ViewController.swift */ = {isa = PBXFileReference; lastKnownFileType = sourcecode.swift; path = ViewController.swift; sourceTree = "<group>"; };
		A525D0A1221FDB6F00EE7880 /* Base */ = {isa = PBXFileReference; lastKnownFileType = file.storyboard; name = Base; path = Base.lproj/Main.storyboard; sourceTree = "<group>"; };
		A525D0A3221FDB7200EE7880 /* Assets.xcassets */ = {isa = PBXFileReference; lastKnownFileType = folder.assetcatalog; path = Assets.xcassets; sourceTree = "<group>"; };
		A525D0A6221FDB7200EE7880 /* Base */ = {isa = PBXFileReference; lastKnownFileType = file.storyboard; name = Base; path = Base.lproj/LaunchScreen.storyboard; sourceTree = "<group>"; };
		A525D0A8221FDB7200EE7880 /* Info.plist */ = {isa = PBXFileReference; lastKnownFileType = text.plist.xml; path = Info.plist; sourceTree = "<group>"; };
		A54267022223C9BF0062E01A /* ImageTableViewController.swift */ = {isa = PBXFileReference; lastKnownFileType = sourcecode.swift; path = ImageTableViewController.swift; sourceTree = "<group>"; };
		A54267042223CA450062E01A /* ImageTableViewCell.swift */ = {isa = PBXFileReference; lastKnownFileType = sourcecode.swift; path = ImageTableViewCell.swift; sourceTree = "<group>"; };
		A570D6972223DB9E009E3142 /* ModelFlickr.swift */ = {isa = PBXFileReference; lastKnownFileType = sourcecode.swift; path = ModelFlickr.swift; sourceTree = "<group>"; };
		A570D69922241644009E3142 /* ImageViewController.swift */ = {isa = PBXFileReference; lastKnownFileType = sourcecode.swift; path = ImageViewController.swift; sourceTree = "<group>"; };
		FD0EAD4F0A33EACD75AEC9E5 /* Pods-Flickr.release.xcconfig */ = {isa = PBXFileReference; includeInIndex = 1; lastKnownFileType = text.xcconfig; name = "Pods-Flickr.release.xcconfig"; path = "Target Support Files/Pods-Flickr/Pods-Flickr.release.xcconfig"; sourceTree = "<group>"; };
/* End PBXFileReference section */

/* Begin PBXFrameworksBuildPhase section */
		A525D096221FDB6F00EE7880 /* Frameworks */ = {
			isa = PBXFrameworksBuildPhase;
			buildActionMask = 2147483647;
			files = (
				12873D3401F2AD20A33AEC41 /* Pods_Flickr.framework in Frameworks */,
			);
			runOnlyForDeploymentPostprocessing = 0;
		};
/* End PBXFrameworksBuildPhase section */

/* Begin PBXGroup section */
		41B6A950658E1C8A16CD95B9 /* Frameworks */ = {
			isa = PBXGroup;
			children = (
				4698E2FD48FED92D193F0B34 /* Pods_Flickr.framework */,
			);
			name = Frameworks;
			sourceTree = "<group>";
		};
		A524054E2224F07300961D68 /* will deleted */ = {
			isa = PBXGroup;
			children = (
				A54267022223C9BF0062E01A /* ImageTableViewController.swift */,
				A54267042223CA450062E01A /* ImageTableViewCell.swift */,
			);
			name = "will deleted";
			sourceTree = "<group>";
		};
		A52405552225426B00961D68 /* Flickr options */ = {
			isa = PBXGroup;
			children = (
				A52405532225423E00961D68 /* Core.swift */,
				A524055122253EF900961D68 /* FlickrStyleFlowLayout.swift */,
				A570D6972223DB9E009E3142 /* ModelFlickr.swift */,
			);
			name = "Flickr options";
			sourceTree = "<group>";
		};
		A525D090221FDB6F00EE7880 = {
			isa = PBXGroup;
			children = (
				A525D09B221FDB6F00EE7880 /* Flickr */,
				A525D09A221FDB6F00EE7880 /* Products */,
				EE8BF9FDEF6B0BAE20838721 /* Pods */,
				41B6A950658E1C8A16CD95B9 /* Frameworks */,
			);
			sourceTree = "<group>";
		};
		A525D09A221FDB6F00EE7880 /* Products */ = {
			isa = PBXGroup;
			children = (
				A525D099221FDB6F00EE7880 /* Flickr.app */,
			);
			name = Products;
			sourceTree = "<group>";
		};
		A525D09B221FDB6F00EE7880 /* Flickr */ = {
			isa = PBXGroup;
			children = (
				A52405552225426B00961D68 /* Flickr options */,
				A54267012223C98A0062E01A /* Supporting Files */,
				A525D09E221FDB6F00EE7880 /* ViewController.swift */,
				A570D69922241644009E3142 /* ImageViewController.swift */,
				A524054F2224F0CA00961D68 /* ImageCollectionViewCell.swift */,
				A525D0A0221FDB6F00EE7880 /* Main.storyboard */,
				A525D0A8221FDB7200EE7880 /* Info.plist */,
				A524054E2224F07300961D68 /* will deleted */,
			);
			path = Flickr;
			sourceTree = "<group>";
		};
		A54267012223C98A0062E01A /* Supporting Files */ = {
			isa = PBXGroup;
			children = (
				A525D09C221FDB6F00EE7880 /* AppDelegate.swift */,
				A525D0A3221FDB7200EE7880 /* Assets.xcassets */,
				A525D0A5221FDB7200EE7880 /* LaunchScreen.storyboard */,
			);
			name = "Supporting Files";
			sourceTree = "<group>";
		};
		EE8BF9FDEF6B0BAE20838721 /* Pods */ = {
			isa = PBXGroup;
			children = (
				9A75E615920D9955F4A833A5 /* Pods-Flickr.debug.xcconfig */,
				FD0EAD4F0A33EACD75AEC9E5 /* Pods-Flickr.release.xcconfig */,
			);
			path = Pods;
			sourceTree = "<group>";
		};
/* End PBXGroup section */

/* Begin PBXNativeTarget section */
		A525D098221FDB6F00EE7880 /* Flickr */ = {
			isa = PBXNativeTarget;
			buildConfigurationList = A525D0AB221FDB7200EE7880 /* Build configuration list for PBXNativeTarget "Flickr" */;
			buildPhases = (
				E2DCFB5044145D044748A162 /* [CP] Check Pods Manifest.lock */,
				A525D095221FDB6F00EE7880 /* Sources */,
				A525D096221FDB6F00EE7880 /* Frameworks */,
				A525D097221FDB6F00EE7880 /* Resources */,
				777194DF1ECE8FECF348B669 /* [CP] Embed Pods Frameworks */,
			);
			buildRules = (
			);
			dependencies = (
			);
			name = Flickr;
			productName = Flickr;
			productReference = A525D099221FDB6F00EE7880 /* Flickr.app */;
			productType = "com.apple.product-type.application";
		};
/* End PBXNativeTarget section */

/* Begin PBXProject section */
		A525D091221FDB6F00EE7880 /* Project object */ = {
			isa = PBXProject;
			attributes = {
				LastSwiftUpdateCheck = 1010;
				LastUpgradeCheck = 1010;
				ORGANIZATIONNAME = metoSimka;
				TargetAttributes = {
					A525D098221FDB6F00EE7880 = {
						CreatedOnToolsVersion = 10.1;
					};
				};
			};
			buildConfigurationList = A525D094221FDB6F00EE7880 /* Build configuration list for PBXProject "Flickr" */;
			compatibilityVersion = "Xcode 9.3";
			developmentRegion = en;
			hasScannedForEncodings = 0;
			knownRegions = (
				en,
				Base,
			);
			mainGroup = A525D090221FDB6F00EE7880;
			productRefGroup = A525D09A221FDB6F00EE7880 /* Products */;
			projectDirPath = "";
			projectRoot = "";
			targets = (
				A525D098221FDB6F00EE7880 /* Flickr */,
			);
		};
/* End PBXProject section */

/* Begin PBXResourcesBuildPhase section */
		A525D097221FDB6F00EE7880 /* Resources */ = {
			isa = PBXResourcesBuildPhase;
			buildActionMask = 2147483647;
			files = (
				A525D0A7221FDB7200EE7880 /* LaunchScreen.storyboard in Resources */,
				A525D0A4221FDB7200EE7880 /* Assets.xcassets in Resources */,
				A525D0A2221FDB6F00EE7880 /* Main.storyboard in Resources */,
			);
			runOnlyForDeploymentPostprocessing = 0;
		};
/* End PBXResourcesBuildPhase section */

/* Begin PBXShellScriptBuildPhase section */
		777194DF1ECE8FECF348B669 /* [CP] Embed Pods Frameworks */ = {
			isa = PBXShellScriptBuildPhase;
			buildActionMask = 2147483647;
			files = (
			);
			inputFileListPaths = (
			);
			inputPaths = (
				"${PODS_ROOT}/Target Support Files/Pods-Flickr/Pods-Flickr-frameworks.sh",
				"${BUILT_PRODUCTS_DIR}/Alamofire/Alamofire.framework",
				"${BUILT_PRODUCTS_DIR}/SDWebImage/SDWebImage.framework",
				"${BUILT_PRODUCTS_DIR}/collection-view-layouts/collection_view_layouts.framework",
			);
			name = "[CP] Embed Pods Frameworks";
			outputFileListPaths = (
			);
			outputPaths = (
				"${TARGET_BUILD_DIR}/${FRAMEWORKS_FOLDER_PATH}/Alamofire.framework",
				"${TARGET_BUILD_DIR}/${FRAMEWORKS_FOLDER_PATH}/SDWebImage.framework",
				"${TARGET_BUILD_DIR}/${FRAMEWORKS_FOLDER_PATH}/collection_view_layouts.framework",
			);
			runOnlyForDeploymentPostprocessing = 0;
			shellPath = /bin/sh;
			shellScript = "\"${PODS_ROOT}/Target Support Files/Pods-Flickr/Pods-Flickr-frameworks.sh\"\n";
			showEnvVarsInLog = 0;
		};
		E2DCFB5044145D044748A162 /* [CP] Check Pods Manifest.lock */ = {
			isa = PBXShellScriptBuildPhase;
			buildActionMask = 2147483647;
			files = (
			);
			inputFileListPaths = (
			);
			inputPaths = (
				"${PODS_PODFILE_DIR_PATH}/Podfile.lock",
				"${PODS_ROOT}/Manifest.lock",
			);
			name = "[CP] Check Pods Manifest.lock";
			outputFileListPaths = (
			);
			outputPaths = (
				"$(DERIVED_FILE_DIR)/Pods-Flickr-checkManifestLockResult.txt",
			);
			runOnlyForDeploymentPostprocessing = 0;
			shellPath = /bin/sh;
			shellScript = "diff \"${PODS_PODFILE_DIR_PATH}/Podfile.lock\" \"${PODS_ROOT}/Manifest.lock\" > /dev/null\nif [ $? != 0 ] ; then\n    # print error to STDERR\n    echo \"error: The sandbox is not in sync with the Podfile.lock. Run 'pod install' or update your CocoaPods installation.\" >&2\n    exit 1\nfi\n# This output is used by Xcode 'outputs' to avoid re-running this script phase.\necho \"SUCCESS\" > \"${SCRIPT_OUTPUT_FILE_0}\"\n";
			showEnvVarsInLog = 0;
		};
/* End PBXShellScriptBuildPhase section */

/* Begin PBXSourcesBuildPhase section */
		A525D095221FDB6F00EE7880 /* Sources */ = {
			isa = PBXSourcesBuildPhase;
			buildActionMask = 2147483647;
			files = (
				A524055222253EF900961D68 /* FlickrStyleFlowLayout.swift in Sources */,
				A570D6982223DB9E009E3142 /* ModelFlickr.swift in Sources */,
				A525D09F221FDB6F00EE7880 /* ViewController.swift in Sources */,
				A54267052223CA450062E01A /* ImageTableViewCell.swift in Sources */,
				A52405502224F0CA00961D68 /* ImageCollectionViewCell.swift in Sources */,
				A54267032223C9BF0062E01A /* ImageTableViewController.swift in Sources */,
				A570D69A22241644009E3142 /* ImageViewController.swift in Sources */,
				A52405542225423F00961D68 /* Core.swift in Sources */,
				A525D09D221FDB6F00EE7880 /* AppDelegate.swift in Sources */,
			);
			runOnlyForDeploymentPostprocessing = 0;
		};
/* End PBXSourcesBuildPhase section */

/* Begin PBXVariantGroup section */
		A525D0A0221FDB6F00EE7880 /* Main.storyboard */ = {
			isa = PBXVariantGroup;
			children = (
				A525D0A1221FDB6F00EE7880 /* Base */,
			);
			name = Main.storyboard;
			sourceTree = "<group>";
		};
		A525D0A5221FDB7200EE7880 /* LaunchScreen.storyboard */ = {
			isa = PBXVariantGroup;
			children = (
				A525D0A6221FDB7200EE7880 /* Base */,
			);
			name = LaunchScreen.storyboard;
			sourceTree = "<group>";
		};
/* End PBXVariantGroup section */

/* Begin XCBuildConfiguration section */
		A525D0A9221FDB7200EE7880 /* Debug */ = {
			isa = XCBuildConfiguration;
			buildSettings = {
				ALWAYS_SEARCH_USER_PATHS = NO;
				CLANG_ANALYZER_NONNULL = YES;
				CLANG_ANALYZER_NUMBER_OBJECT_CONVERSION = YES_AGGRESSIVE;
				CLANG_CXX_LANGUAGE_STANDARD = "gnu++14";
				CLANG_CXX_LIBRARY = "libc++";
				CLANG_ENABLE_MODULES = YES;
				CLANG_ENABLE_OBJC_ARC = YES;
				CLANG_ENABLE_OBJC_WEAK = YES;
				CLANG_WARN_BLOCK_CAPTURE_AUTORELEASING = YES;
				CLANG_WARN_BOOL_CONVERSION = YES;
				CLANG_WARN_COMMA = YES;
				CLANG_WARN_CONSTANT_CONVERSION = YES;
				CLANG_WARN_DEPRECATED_OBJC_IMPLEMENTATIONS = YES;
				CLANG_WARN_DIRECT_OBJC_ISA_USAGE = YES_ERROR;
				CLANG_WARN_DOCUMENTATION_COMMENTS = YES;
				CLANG_WARN_EMPTY_BODY = YES;
				CLANG_WARN_ENUM_CONVERSION = YES;
				CLANG_WARN_INFINITE_RECURSION = YES;
				CLANG_WARN_INT_CONVERSION = YES;
				CLANG_WARN_NON_LITERAL_NULL_CONVERSION = YES;
				CLANG_WARN_OBJC_IMPLICIT_RETAIN_SELF = YES;
				CLANG_WARN_OBJC_LITERAL_CONVERSION = YES;
				CLANG_WARN_OBJC_ROOT_CLASS = YES_ERROR;
				CLANG_WARN_RANGE_LOOP_ANALYSIS = YES;
				CLANG_WARN_STRICT_PROTOTYPES = YES;
				CLANG_WARN_SUSPICIOUS_MOVE = YES;
				CLANG_WARN_UNGUARDED_AVAILABILITY = YES_AGGRESSIVE;
				CLANG_WARN_UNREACHABLE_CODE = YES;
				CLANG_WARN__DUPLICATE_METHOD_MATCH = YES;
				CODE_SIGN_IDENTITY = "iPhone Developer";
				COPY_PHASE_STRIP = NO;
				DEBUG_INFORMATION_FORMAT = dwarf;
				ENABLE_STRICT_OBJC_MSGSEND = YES;
				ENABLE_TESTABILITY = YES;
				GCC_C_LANGUAGE_STANDARD = gnu11;
				GCC_DYNAMIC_NO_PIC = NO;
				GCC_NO_COMMON_BLOCKS = YES;
				GCC_OPTIMIZATION_LEVEL = 0;
				GCC_PREPROCESSOR_DEFINITIONS = (
					"DEBUG=1",
					"$(inherited)",
				);
				GCC_WARN_64_TO_32_BIT_CONVERSION = YES;
				GCC_WARN_ABOUT_RETURN_TYPE = YES_ERROR;
				GCC_WARN_UNDECLARED_SELECTOR = YES;
				GCC_WARN_UNINITIALIZED_AUTOS = YES_AGGRESSIVE;
				GCC_WARN_UNUSED_FUNCTION = YES;
				GCC_WARN_UNUSED_VARIABLE = YES;
				IPHONEOS_DEPLOYMENT_TARGET = 12.1;
				MTL_ENABLE_DEBUG_INFO = INCLUDE_SOURCE;
				MTL_FAST_MATH = YES;
				ONLY_ACTIVE_ARCH = YES;
				SDKROOT = iphoneos;
				SWIFT_ACTIVE_COMPILATION_CONDITIONS = DEBUG;
				SWIFT_OPTIMIZATION_LEVEL = "-Onone";
			};
			name = Debug;
		};
		A525D0AA221FDB7200EE7880 /* Release */ = {
			isa = XCBuildConfiguration;
			buildSettings = {
				ALWAYS_SEARCH_USER_PATHS = NO;
				CLANG_ANALYZER_NONNULL = YES;
				CLANG_ANALYZER_NUMBER_OBJECT_CONVERSION = YES_AGGRESSIVE;
				CLANG_CXX_LANGUAGE_STANDARD = "gnu++14";
				CLANG_CXX_LIBRARY = "libc++";
				CLANG_ENABLE_MODULES = YES;
				CLANG_ENABLE_OBJC_ARC = YES;
				CLANG_ENABLE_OBJC_WEAK = YES;
				CLANG_WARN_BLOCK_CAPTURE_AUTORELEASING = YES;
				CLANG_WARN_BOOL_CONVERSION = YES;
				CLANG_WARN_COMMA = YES;
				CLANG_WARN_CONSTANT_CONVERSION = YES;
				CLANG_WARN_DEPRECATED_OBJC_IMPLEMENTATIONS = YES;
				CLANG_WARN_DIRECT_OBJC_ISA_USAGE = YES_ERROR;
				CLANG_WARN_DOCUMENTATION_COMMENTS = YES;
				CLANG_WARN_EMPTY_BODY = YES;
				CLANG_WARN_ENUM_CONVERSION = YES;
				CLANG_WARN_INFINITE_RECURSION = YES;
				CLANG_WARN_INT_CONVERSION = YES;
				CLANG_WARN_NON_LITERAL_NULL_CONVERSION = YES;
				CLANG_WARN_OBJC_IMPLICIT_RETAIN_SELF = YES;
				CLANG_WARN_OBJC_LITERAL_CONVERSION = YES;
				CLANG_WARN_OBJC_ROOT_CLASS = YES_ERROR;
				CLANG_WARN_RANGE_LOOP_ANALYSIS = YES;
				CLANG_WARN_STRICT_PROTOTYPES = YES;
				CLANG_WARN_SUSPICIOUS_MOVE = YES;
				CLANG_WARN_UNGUARDED_AVAILABILITY = YES_AGGRESSIVE;
				CLANG_WARN_UNREACHABLE_CODE = YES;
				CLANG_WARN__DUPLICATE_METHOD_MATCH = YES;
				CODE_SIGN_IDENTITY = "iPhone Developer";
				COPY_PHASE_STRIP = NO;
				DEBUG_INFORMATION_FORMAT = "dwarf-with-dsym";
				ENABLE_NS_ASSERTIONS = NO;
				ENABLE_STRICT_OBJC_MSGSEND = YES;
				GCC_C_LANGUAGE_STANDARD = gnu11;
				GCC_NO_COMMON_BLOCKS = YES;
				GCC_WARN_64_TO_32_BIT_CONVERSION = YES;
				GCC_WARN_ABOUT_RETURN_TYPE = YES_ERROR;
				GCC_WARN_UNDECLARED_SELECTOR = YES;
				GCC_WARN_UNINITIALIZED_AUTOS = YES_AGGRESSIVE;
				GCC_WARN_UNUSED_FUNCTION = YES;
				GCC_WARN_UNUSED_VARIABLE = YES;
				IPHONEOS_DEPLOYMENT_TARGET = 12.1;
				MTL_ENABLE_DEBUG_INFO = NO;
				MTL_FAST_MATH = YES;
				SDKROOT = iphoneos;
				SWIFT_COMPILATION_MODE = wholemodule;
				SWIFT_OPTIMIZATION_LEVEL = "-O";
				VALIDATE_PRODUCT = YES;
			};
			name = Release;
		};
		A525D0AC221FDB7200EE7880 /* Debug */ = {
			isa = XCBuildConfiguration;
			baseConfigurationReference = 9A75E615920D9955F4A833A5 /* Pods-Flickr.debug.xcconfig */;
			buildSettings = {
				ASSETCATALOG_COMPILER_APPICON_NAME = AppIcon;
				CODE_SIGN_STYLE = Automatic;
				DEVELOPMENT_TEAM = 5QVZ7M9V99;
				INFOPLIST_FILE = Flickr/Info.plist;
				LD_RUNPATH_SEARCH_PATHS = (
					"$(inherited)",
					"@executable_path/Frameworks",
				);
				PRODUCT_BUNDLE_IDENTIFIER = "Maxim-Fialko.Flickr";
				PRODUCT_NAME = "$(TARGET_NAME)";
				SWIFT_VERSION = 4.2;
				TARGETED_DEVICE_FAMILY = "1,2";
			};
			name = Debug;
		};
		A525D0AD221FDB7200EE7880 /* Release */ = {
			isa = XCBuildConfiguration;
			baseConfigurationReference = FD0EAD4F0A33EACD75AEC9E5 /* Pods-Flickr.release.xcconfig */;
			buildSettings = {
				ASSETCATALOG_COMPILER_APPICON_NAME = AppIcon;
				CODE_SIGN_STYLE = Automatic;
				DEVELOPMENT_TEAM = 5QVZ7M9V99;
				INFOPLIST_FILE = Flickr/Info.plist;
				LD_RUNPATH_SEARCH_PATHS = (
					"$(inherited)",
					"@executable_path/Frameworks",
				);
				PRODUCT_BUNDLE_IDENTIFIER = "Maxim-Fialko.Flickr";
				PRODUCT_NAME = "$(TARGET_NAME)";
				SWIFT_VERSION = 4.2;
				TARGETED_DEVICE_FAMILY = "1,2";
			};
			name = Release;
		};
/* End XCBuildConfiguration section */

/* Begin XCConfigurationList section */
		A525D094221FDB6F00EE7880 /* Build configuration list for PBXProject "Flickr" */ = {
			isa = XCConfigurationList;
			buildConfigurations = (
				A525D0A9221FDB7200EE7880 /* Debug */,
				A525D0AA221FDB7200EE7880 /* Release */,
			);
			defaultConfigurationIsVisible = 0;
			defaultConfigurationName = Release;
		};
		A525D0AB221FDB7200EE7880 /* Build configuration list for PBXNativeTarget "Flickr" */ = {
			isa = XCConfigurationList;
			buildConfigurations = (
				A525D0AC221FDB7200EE7880 /* Debug */,
				A525D0AD221FDB7200EE7880 /* Release */,
			);
			defaultConfigurationIsVisible = 0;
			defaultConfigurationName = Release;
		};
/* End XCConfigurationList section */
	};
	rootObject = A525D091221FDB6F00EE7880 /* Project object */;
}
